
Microsoft Visual Studio Solution File, Format Version 12.00
# Visual Studio Version 17
VisualStudioVersion = 17.8.34525.116
MinimumVisualStudioVersion = 10.0.40219.1
Project("{FAE04EC0-301F-11D3-BF4B-00C04F79EFBC}") = "QuestionApp1", "QuestionApp1.csproj", "{53A375B4-2EDA-43A2-9BD2-FFB61A3A201A}"
EndProject
Global
	GlobalSection(SolutionConfigurationPlatforms) = preSolution
		Debug|Any CPU = Debug|Any CPU
		Release|Any CPU = Release|Any CPU
	EndGlobalSection
	GlobalSection(ProjectConfigurationPlatforms) = postSolution
		{53A375B4-2EDA-43A2-9BD2-FFB61A3A201A}.Debug|Any CPU.ActiveCfg = Debug|Any CPU
		{53A375B4-2EDA-43A2-9BD2-FFB61A3A201A}.Debug|Any CPU.Build.0 = Debug|Any CPU
		{53A375B4-2EDA-43A2-9BD2-FFB61A3A201A}.Release|Any CPU.ActiveCfg = Release|Any CPU
		{53A375B4-2EDA-43A2-9BD2-FFB61A3A201A}.Release|Any CPU.Build.0 = Release|Any CPU
	EndGlobalSection
	GlobalSection(SolutionProperties) = preSolution
		HideSolutionNode = FALSE
	EndGlobalSection
	GlobalSection(ExtensibilityGlobals) = postSolution
		SolutionGuid = {300846F7-2B65-45EE-975A-49AA88189799}
	EndGlobalSection
EndGlobal
